<?xml version="1.0" encoding="utf-8"?>
<Project ToolsVersion="4.0" xmlns="http://schemas.microsoft.com/developer/msbuild/2003">
  <ItemGroup>
    <Filter Include="Main">
      <UniqueIdentifier>{88206fb5-d152-414b-82f6-022dd4d5dad0}</UniqueIdentifier>
    </Filter>
    <Filter Include="Utils">
      <UniqueIdentifier>{23d49a3d-6ad6-46aa-867a-bcbc48b00f8c}</UniqueIdentifier>
    </Filter>
    <Filter Include="Protocol">
      <UniqueIdentifier>{4eddaa24-8b1c-45cf-9704-789d2d256f18}</UniqueIdentifier>
    </Filter>
    <Filter Include="Game">
      <UniqueIdentifier>{32b82557-8eaf-4815-a751-fd1cec212272}</UniqueIdentifier>
    </Filter>
    <Filter Include="Network">
      <UniqueIdentifier>{d8bf6b8c-9153-4c9d-8751-e3941565fcb3}</UniqueIdentifier>
    </Filter>
    <Filter Include="Game\Room">
      <UniqueIdentifier>{ee51abaf-cf89-4f8b-9dab-d9514986672c}</UniqueIdentifier>
    </Filter>
  </ItemGroup>
  <ItemGroup>
    <ClCompile Include="Server.cpp">
      <Filter>Main</Filter>
    </ClCompile>
    <ClCompile Include="pch.cpp">
      <Filter>Utils</Filter>
    </ClCompile>
    <ClCompile Include="MatchingManager.cpp">
      <Filter>Game</Filter>
    </ClCompile>
    <ClCompile Include="Protocol.pb.cc">
      <Filter>Protocol</Filter>
    </ClCompile>
    <ClCompile Include="BattleServerSession.cpp">
      <Filter>Game</Filter>
    </ClCompile>
    <ClCompile Include="ServerListener.cpp">
      <Filter>Network</Filter>
    </ClCompile>
    <ClCompile Include="PlayerListener.cpp">
      <Filter>Network</Filter>
    </ClCompile>
    <ClCompile Include="LobbyPlayer.cpp">
      <Filter>Game</Filter>
    </ClCompile>
    <ClCompile Include="LobbyRoomManager.cpp">
      <Filter>Game\Room</Filter>
    </ClCompile>
  </ItemGroup>
  <ItemGroup>
    <ClInclude Include="pch.h">
      <Filter>Utils</Filter>
    </ClInclude>
    <ClInclude Include="MatchingManager.h">
      <Filter>Game</Filter>
    </ClInclude>
    <ClInclude Include="Protocol.pb.h">
      <Filter>Protocol</Filter>
    </ClInclude>
    <ClInclude Include="BattleServerSession.h">
      <Filter>Game</Filter>
    </ClInclude>
    <ClInclude Include="ServerListener.h">
      <Filter>Network</Filter>
    </ClInclude>
    <ClInclude Include="PlayerListener.h">
      <Filter>Network</Filter>
    </ClInclude>
    <ClInclude Include="LobbyPlayer.h">
      <Filter>Game</Filter>
    </ClInclude>
    <ClInclude Include="LobbyRoomManager.h">
      <Filter>Game\Room</Filter>
    </ClInclude>
  </ItemGroup>
</Project>