<?xml version="1.0" encoding="utf-8"?>
<Project ToolsVersion="4.0" xmlns="http://schemas.microsoft.com/developer/msbuild/2003">
  <ItemGroup>
    <Filter Include="Network">
      <UniqueIdentifier>{80f13559-4789-4991-b4b4-2648c074f6f9}</UniqueIdentifier>
    </Filter>
    <Filter Include="Utils">
      <UniqueIdentifier>{542e7270-a429-46b8-b874-4fbb3c2eb074}</UniqueIdentifier>
    </Filter>
    <Filter Include="Main">
      <UniqueIdentifier>{d726b986-534f-4e19-a26f-0ad17add4f2e}</UniqueIdentifier>
    </Filter>
    <Filter Include="Content">
      <UniqueIdentifier>{7efc301e-41e9-4dcd-bd62-a5eb4f9cebf4}</UniqueIdentifier>
    </Filter>
    <Filter Include="Content\Room">
      <UniqueIdentifier>{7d0221be-39a1-46bd-b6fe-0b92a0d6f7af}</UniqueIdentifier>
    </Filter>
  </ItemGroup>
  <ItemGroup>
    <ClInclude Include="Session.h">
      <Filter>Network</Filter>
    </ClInclude>
    <ClInclude Include="IocpCore.h">
      <Filter>Network</Filter>
    </ClInclude>
    <ClInclude Include="CorePch.h">
      <Filter>Main</Filter>
    </ClInclude>
    <ClInclude Include="pch.h">
      <Filter>Main</Filter>
    </ClInclude>
    <ClInclude Include="Types.h">
      <Filter>Main</Filter>
    </ClInclude>
    <ClInclude Include="SocketUtils.h">
      <Filter>Utils</Filter>
    </ClInclude>
    <ClInclude Include="PacketHandler.h">
      <Filter>Utils</Filter>
    </ClInclude>
    <ClInclude Include="SessionFactory.h">
      <Filter>Utils</Filter>
    </ClInclude>
    <ClInclude Include="RecvBuffer.h">
      <Filter>Utils</Filter>
    </ClInclude>
    <ClInclude Include="Macro.h">
      <Filter>Utils</Filter>
    </ClInclude>
    <ClInclude Include="PacketHeader.h">
      <Filter>Utils</Filter>
    </ClInclude>
    <ClInclude Include="Listener.h">
      <Filter>Network</Filter>
    </ClInclude>
    <ClInclude Include="IocpEvent.h">
      <Filter>Network</Filter>
    </ClInclude>
    <ClInclude Include="Room.h">
      <Filter>Content\Room</Filter>
    </ClInclude>
  </ItemGroup>
  <ItemGroup>
    <ClCompile Include="Session.cpp">
      <Filter>Network</Filter>
    </ClCompile>
    <ClCompile Include="IocpCore.cpp">
      <Filter>Network</Filter>
    </ClCompile>
    <ClCompile Include="CorePch.cpp">
      <Filter>Main</Filter>
    </ClCompile>
    <ClCompile Include="pch.cpp">
      <Filter>Main</Filter>
    </ClCompile>
    <ClCompile Include="SocketUtils.cpp">
      <Filter>Utils</Filter>
    </ClCompile>
    <ClCompile Include="PacketHandler.cpp">
      <Filter>Utils</Filter>
    </ClCompile>
    <ClCompile Include="SessionFactory.cpp">
      <Filter>Utils</Filter>
    </ClCompile>
    <ClCompile Include="RecvBuffer.cpp">
      <Filter>Utils</Filter>
    </ClCompile>
    <ClCompile Include="Listener.cpp">
      <Filter>Network</Filter>
    </ClCompile>
    <ClCompile Include="IocpEvent.cpp">
      <Filter>Network</Filter>
    </ClCompile>
    <ClCompile Include="Room.cpp">
      <Filter>Content\Room</Filter>
    </ClCompile>
  </ItemGroup>
</Project>